
Microsoft Visual Studio Solution File, Format Version 12.00
# Visual Studio Version 17
VisualStudioVersion = 17.11.35222.181
MinimumVisualStudioVersion = 10.0.40219.1
Project("{FAE04EC0-301F-11D3-BF4B-00C04F79EFBC}") = "CTO", "CTO\CTO.csproj", "{A387D5B4-2C78-4A76-89F9-41EE5B7C9E57}"
EndProject
Global
	GlobalSection(SolutionConfigurationPlatforms) = preSolution
		Debug|Any CPU = Debug|Any CPU
		Release|Any CPU = Release|Any CPU
	EndGlobalSection
	GlobalSection(ProjectConfigurationPlatforms) = postSolution
		{A387D5B4-2C78-4A76-89F9-41EE5B7C9E57}.Debug|Any CPU.ActiveCfg = Debug|Any CPU
		{A387D5B4-2C78-4A76-89F9-41EE5B7C9E57}.Debug|Any CPU.Build.0 = Debug|Any CPU
		{A387D5B4-2C78-4A76-89F9-41EE5B7C9E57}.Release|Any CPU.ActiveCfg = Release|Any CPU
		{A387D5B4-2C78-4A76-89F9-41EE5B7C9E57}.Release|Any CPU.Build.0 = Release|Any CPU
	EndGlobalSection
	GlobalSection(SolutionProperties) = preSolution
		HideSolutionNode = FALSE
	EndGlobalSection
	GlobalSection(ExtensibilityGlobals) = postSolution
		SolutionGuid = {F91E336F-C447-4F56-AF28-C8A50A91E335}
	EndGlobalSection
EndGlobal
